
Microsoft Visual Studio Solution File, Format Version 12.00
# Visual Studio Version 16
VisualStudioVersion = 16.0.29920.165
MinimumVisualStudioVersion = 10.0.40219.1
Project("{FAE04EC0-301F-11D3-BF4B-00C04F79EFBC}") = "Scanner", "Scanner\Scanner.csproj", "{A77089A6-2CC8-4F35-B22F-35A8AD6F461C}"
EndProject
Global
	GlobalSection(SolutionConfigurationPlatforms) = preSolution
		Debug|Any CPU = Debug|Any CPU
		Release|Any CPU = Release|Any CPU
	EndGlobalSection
	GlobalSection(ProjectConfigurationPlatforms) = postSolution
		{A77089A6-2CC8-4F35-B22F-35A8AD6F461C}.Debug|Any CPU.ActiveCfg = Debug|Any CPU
		{A77089A6-2CC8-4F35-B22F-35A8AD6F461C}.Debug|Any CPU.Build.0 = Debug|Any CPU
		{A77089A6-2CC8-4F35-B22F-35A8AD6F461C}.Release|Any CPU.ActiveCfg = Release|Any CPU
		{A77089A6-2CC8-4F35-B22F-35A8AD6F461C}.Release|Any CPU.Build.0 = Release|Any CPU
	EndGlobalSection
	GlobalSection(SolutionProperties) = preSolution
		HideSolutionNode = FALSE
	EndGlobalSection
	GlobalSection(ExtensibilityGlobals) = postSolution
		SolutionGuid = {A1ED9383-185B-4271-AC42-2805A4DBB4CB}
	EndGlobalSection
EndGlobal
