
Microsoft Visual Studio Solution File, Format Version 12.00
# Visual Studio 15
VisualStudioVersion = 15.0.28010.2041
MinimumVisualStudioVersion = 10.0.40219.1
Project("{FAE04EC0-301F-11D3-BF4B-00C04F79EFBC}") = "Proyecto_lenguajes", "Proyecto_lenguajes\Proyecto_lenguajes.csproj", "{CBC483BC-F18A-43CA-9A8B-2484A1540503}"
EndProject
Global
	GlobalSection(SolutionConfigurationPlatforms) = preSolution
		Debug|Any CPU = Debug|Any CPU
		Release|Any CPU = Release|Any CPU
	EndGlobalSection
	GlobalSection(ProjectConfigurationPlatforms) = postSolution
		{CBC483BC-F18A-43CA-9A8B-2484A1540503}.Debug|Any CPU.ActiveCfg = Debug|Any CPU
		{CBC483BC-F18A-43CA-9A8B-2484A1540503}.Debug|Any CPU.Build.0 = Debug|Any CPU
		{CBC483BC-F18A-43CA-9A8B-2484A1540503}.Release|Any CPU.ActiveCfg = Release|Any CPU
		{CBC483BC-F18A-43CA-9A8B-2484A1540503}.Release|Any CPU.Build.0 = Release|Any CPU
	EndGlobalSection
	GlobalSection(SolutionProperties) = preSolution
		HideSolutionNode = FALSE
	EndGlobalSection
	GlobalSection(ExtensibilityGlobals) = postSolution
		SolutionGuid = {528E4847-8F77-4CF5-8663-04756062BA17}
	EndGlobalSection
EndGlobal
